
Microsoft Visual Studio Solution File, Format Version 12.00
# Visual Studio Version 17
VisualStudioVersion = 17.3.32922.545
MinimumVisualStudioVersion = 10.0.40219.1
Project("{FAE04EC0-301F-11D3-BF4B-00C04F79EFBC}") = "Banka", "Banka\Banka.csproj", "{EC97D430-B112-4589-8A44-AB250810B233}"
EndProject
Global
	GlobalSection(SolutionConfigurationPlatforms) = preSolution
		Debug|Any CPU = Debug|Any CPU
		Release|Any CPU = Release|Any CPU
	EndGlobalSection
	GlobalSection(ProjectConfigurationPlatforms) = postSolution
		{EC97D430-B112-4589-8A44-AB250810B233}.Debug|Any CPU.ActiveCfg = Debug|Any CPU
		{EC97D430-B112-4589-8A44-AB250810B233}.Debug|Any CPU.Build.0 = Debug|Any CPU
		{EC97D430-B112-4589-8A44-AB250810B233}.Release|Any CPU.ActiveCfg = Release|Any CPU
		{EC97D430-B112-4589-8A44-AB250810B233}.Release|Any CPU.Build.0 = Release|Any CPU
	EndGlobalSection
	GlobalSection(SolutionProperties) = preSolution
		HideSolutionNode = FALSE
	EndGlobalSection
	GlobalSection(ExtensibilityGlobals) = postSolution
		SolutionGuid = {9616A434-4DD7-42E2-A63B-4D45A8F2C318}
	EndGlobalSection
EndGlobal
